
Microsoft Visual Studio Solution File, Format Version 12.00
# Visual Studio 14
VisualStudioVersion = 14.0.24720.0
MinimumVisualStudioVersion = 10.0.40219.1
Project("{FAE04EC0-301F-11D3-BF4B-00C04F79EFBC}") = "Sudoku", "Sudoku\Sudoku.csproj", "{889D8BEE-47AB-47D4-A9E6-C18A1D3B64F0}"
EndProject
Project("{FAE04EC0-301F-11D3-BF4B-00C04F79EFBC}") = "SudokuGUI", "SudokuGUI\SudokuGUI.csproj", "{E09E260A-7FB9-43CA-9299-477EF657168C}"
EndProject
Global
	GlobalSection(SolutionConfigurationPlatforms) = preSolution
		Debug|Any CPU = Debug|Any CPU
		Release|Any CPU = Release|Any CPU
	EndGlobalSection
	GlobalSection(ProjectConfigurationPlatforms) = postSolution
		{889D8BEE-47AB-47D4-A9E6-C18A1D3B64F0}.Debug|Any CPU.ActiveCfg = Debug|Any CPU
		{889D8BEE-47AB-47D4-A9E6-C18A1D3B64F0}.Debug|Any CPU.Build.0 = Debug|Any CPU
		{889D8BEE-47AB-47D4-A9E6-C18A1D3B64F0}.Release|Any CPU.ActiveCfg = Release|Any CPU
		{889D8BEE-47AB-47D4-A9E6-C18A1D3B64F0}.Release|Any CPU.Build.0 = Release|Any CPU
		{E09E260A-7FB9-43CA-9299-477EF657168C}.Debug|Any CPU.ActiveCfg = Debug|Any CPU
		{E09E260A-7FB9-43CA-9299-477EF657168C}.Debug|Any CPU.Build.0 = Debug|Any CPU
		{E09E260A-7FB9-43CA-9299-477EF657168C}.Release|Any CPU.ActiveCfg = Release|Any CPU
		{E09E260A-7FB9-43CA-9299-477EF657168C}.Release|Any CPU.Build.0 = Release|Any CPU
	EndGlobalSection
	GlobalSection(SolutionProperties) = preSolution
		HideSolutionNode = FALSE
	EndGlobalSection
	GlobalSection(TeamFoundationVersionControl) = preSolution
		SccNumberOfProjects = 3
		SccEnterpriseProvider = {4CA58AB2-18FA-4F8D-95D4-32DDF27D184C}
		SccTeamFoundationServer = https://kris519h.visualstudio.com/
		SccLocalPath0 = .
		SccProjectUniqueName1 = Sudoku\\Sudoku.csproj
		SccProjectName1 = Sudoku
		SccLocalPath1 = Sudoku
		SccProjectUniqueName2 = SudokuGUI\\SudokuGUI.csproj
		SccProjectName2 = SudokuGUI
		SccLocalPath2 = SudokuGUI
	EndGlobalSection
EndGlobal
